
Microsoft Visual Studio Solution File, Format Version 12.00
# Visual Studio Version 17
VisualStudioVersion = 17.14.36429.23 d17.14
MinimumVisualStudioVersion = 10.0.40219.1
Project("{FAE04EC0-301F-11D3-BF4B-00C04F79EFBC}") = "flightbooking", "flightbooking\flightbooking.csproj", "{62C39216-D99F-4F23-9CCD-8053201D918F}"
EndProject
Global
	GlobalSection(SolutionConfigurationPlatforms) = preSolution
		Debug|Any CPU = Debug|Any CPU
		Release|Any CPU = Release|Any CPU
	EndGlobalSection
	GlobalSection(ProjectConfigurationPlatforms) = postSolution
		{62C39216-D99F-4F23-9CCD-8053201D918F}.Debug|Any CPU.ActiveCfg = Debug|Any CPU
		{62C39216-D99F-4F23-9CCD-8053201D918F}.Debug|Any CPU.Build.0 = Debug|Any CPU
		{62C39216-D99F-4F23-9CCD-8053201D918F}.Release|Any CPU.ActiveCfg = Release|Any CPU
		{62C39216-D99F-4F23-9CCD-8053201D918F}.Release|Any CPU.Build.0 = Release|Any CPU
	EndGlobalSection
	GlobalSection(SolutionProperties) = preSolution
		HideSolutionNode = FALSE
	EndGlobalSection
	GlobalSection(ExtensibilityGlobals) = postSolution
		SolutionGuid = {04243347-76D1-4779-B96E-7ECE45CF24E1}
	EndGlobalSection
EndGlobal
